prepare:
  cmd: python src/split_train_test.py --data_dir /Users/sylvainpicard/Code/PRO/EUCLID/DVC/sat-mlflow/data/original/
    --out_dir /Users/sylvainpicard/Code/PRO/EUCLID/DVC/sat-mlflow/data/ --train_size
    0.7
  deps:
  - path: data/original
    md5: bff43f93e1bb7c85d1021434eb407e8a.dir
  - path: src/split_train_test.py
    md5: 359a8a65873e9fa285dcb4ce827816fc
  params:
    params.yaml:
      prepare.data_dir: /Users/sylvainpicard/Code/PRO/EUCLID/DVC/sat-mlflow/data/original
      prepare.out_dir: /Users/sylvainpicard/Code/PRO/EUCLID/DVC/sat-mlflow/data/
      prepare.train_size: 0.7
  outs:
  - path: data/test
    md5: 4cbc8bf9c9562069d3e7be6313e5083e.dir
  - path: data/train
    md5: c51461c4cbce0346dae90c364af67d3e.dir
train:
  cmd: python src/train.py
  deps:
  - path: data/train
    md5: c51461c4cbce0346dae90c364af67d3e.dir
  - path: src/train.py
    md5: 50473b5b24c9f1b9f3b309dbe4bfb85c
  params:
    params.yaml:
      train.batch_size: 50
      train.epochs: 1
      train.log_interval: 10
      train.train_dir: /Users/sylvainpicard/Code/PRO/EUCLID/DVC/sat-mlflow/data/train
